
Microsoft Visual Studio Solution File, Format Version 12.00
# Visual Studio 2012
Project("{FAE04EC0-301F-11D3-BF4B-00C04F79EFBC}") = "AppInit", "AppInit\AppInit.csproj", "{4F08F08A-E3FD-4888-92A9-2A8235BD7225}"
EndProject
Global
	GlobalSection(SolutionConfigurationPlatforms) = preSolution
		Debug|Any CPU = Debug|Any CPU
		Release|Any CPU = Release|Any CPU
	EndGlobalSection
	GlobalSection(ProjectConfigurationPlatforms) = postSolution
		{4F08F08A-E3FD-4888-92A9-2A8235BD7225}.Debug|Any CPU.ActiveCfg = Debug|Any CPU
		{4F08F08A-E3FD-4888-92A9-2A8235BD7225}.Debug|Any CPU.Build.0 = Debug|Any CPU
		{4F08F08A-E3FD-4888-92A9-2A8235BD7225}.Release|Any CPU.ActiveCfg = Release|Any CPU
		{4F08F08A-E3FD-4888-92A9-2A8235BD7225}.Release|Any CPU.Build.0 = Release|Any CPU
	EndGlobalSection
	GlobalSection(SolutionProperties) = preSolution
		HideSolutionNode = FALSE
	EndGlobalSection
EndGlobal
